
Microsoft Visual Studio Solution File, Format Version 12.00
Project("{FAE04EC0-301F-11D3-BF4B-00C04F79EFBC}") = "TeleFlow.Annotations", "src\TeleFlow.Annotations\TeleFlow.Annotations.csproj", "{E833F368-2096-4923-8A20-67ECC1650379}"
EndProject
Project("{FAE04EC0-301F-11D3-BF4B-00C04F79EFBC}") = "TeleFlow.Telegram.Schema", "src\TeleFlow.Telegram.Schema\TeleFlow.Telegram.Schema.csproj", "{B8CBD4B0-E748-42AC-BC7D-FD920A89D888}"
EndProject
Project("{FAE04EC0-301F-11D3-BF4B-00C04F79EFBC}") = "TeleFlow.Telegram", "src\TeleFlow.Telegram\TeleFlow.Telegram.csproj", "{CF2AFDC9-6C91-42E7-A265-F7D330AEF8BB}"
EndProject
Project("{FAE04EC0-301F-11D3-BF4B-00C04F79EFBC}") = "TeleFlow.Storage.Memory", "src\TeleFlow.Storage.Memory\TeleFlow.Storage.Memory.csproj", "{31856C1F-5578-414B-AA57-911DBBD7CBC8}"
EndProject
Project("{FAE04EC0-301F-11D3-BF4B-00C04F79EFBC}") = "TeleFlow.Generators", "src\TeleFlow.Generators\TeleFlow.Generators.csproj", "{5B0A33EC-F064-4CD4-B049-EA1F866A895F}"
EndProject
Project("{FAE04EC0-301F-11D3-BF4B-00C04F79EFBC}") = "TeleFlow.ArchitectureTests", "tests\TeleFlow.ArchitectureTests\TeleFlow.ArchitectureTests.csproj", "{68184202-7386-4A0F-B9C6-7521666E791F}"
EndProject
Project("{FAE04EC0-301F-11D3-BF4B-00C04F79EFBC}") = "TeleFlow.Telegram.Webhooks", "src\TeleFlow.Telegram.Webhooks\TeleFlow.Telegram.Webhooks.csproj", "{B5A2FA0E-450E-468D-A3A4-A001730F3380}"
EndProject
Project("{FAE04EC0-301F-11D3-BF4B-00C04F79EFBC}") = "TeleFlow.Telegram.Client", "src\TeleFlow.Telegram.Client\TeleFlow.Telegram.Client.csproj", "{5A1560E3-7E35-4B62-9AB6-9218211D22C5}"
EndProject
Project("{FAE04EC0-301F-11D3-BF4B-00C04F79EFBC}") = "TeleFlow.Telegram.LongPolling", "src\TeleFlow.Telegram.LongPolling\TeleFlow.Telegram.LongPolling.csproj", "{F285F06D-4AE3-4D38-A8A8-FC79A20E9982}"
EndProject
Project("{2150E333-8FDC-42A3-9474-1A3956D46DE8}") = "src", "src", "{827E0CD3-B72D-47B6-A68D-7590B98EB39B}"
EndProject
Project("{FAE04EC0-301F-11D3-BF4B-00C04F79EFBC}") = "TeleFlow.Framework.Core", "src\TeleFlow.Framework.Core\TeleFlow.Framework.Core.csproj", "{C40A6C6A-FB8E-46FC-8A36-E9FD66F1F374}"
EndProject
Project("{FAE04EC0-301F-11D3-BF4B-00C04F79EFBC}") = "TeleFlow.Framework.Hosting", "src\TeleFlow.Framework.Hosting\TeleFlow.Framework.Hosting.csproj", "{D82E5A71-0DB2-4367-BD8E-C537B906B948}"
EndProject
Project("{FAE04EC0-301F-11D3-BF4B-00C04F79EFBC}") = "TeleFlow.Framework", "src\TeleFlow.Framework\TeleFlow.Framework.csproj", "{0205632A-13A0-405C-8DEB-F5F75345388C}"
EndProject
Project("{FAE04EC0-301F-11D3-BF4B-00C04F79EFBC}") = "TeleFlow.Framework.LongPolling", "src\TeleFlow.Framework.LongPolling\TeleFlow.Framework.LongPolling.csproj", "{7A1D9695-8A01-44DC-AB7E-F70733D86310}"
EndProject
Project("{FAE04EC0-301F-11D3-BF4B-00C04F79EFBC}") = "TeleFlow.Framework.Webhooks", "src\TeleFlow.Framework.Webhooks\TeleFlow.Framework.Webhooks.csproj", "{4D4219C8-6B1A-4475-B8CE-A486B51BC95E}"
EndProject
Global
	GlobalSection(SolutionConfigurationPlatforms) = preSolution
		Debug|Any CPU = Debug|Any CPU
		Debug|x64 = Debug|x64
		Debug|x86 = Debug|x86
		Release|Any CPU = Release|Any CPU
		Release|x64 = Release|x64
		Release|x86 = Release|x86
	EndGlobalSection
	GlobalSection(ProjectConfigurationPlatforms) = postSolution
		{E833F368-2096-4923-8A20-67ECC1650379}.Debug|Any CPU.ActiveCfg = Debug|Any CPU
		{E833F368-2096-4923-8A20-67ECC1650379}.Debug|Any CPU.Build.0 = Debug|Any CPU
		{E833F368-2096-4923-8A20-67ECC1650379}.Debug|x64.ActiveCfg = Debug|Any CPU
		{E833F368-2096-4923-8A20-67ECC1650379}.Debug|x64.Build.0 = Debug|Any CPU
		{E833F368-2096-4923-8A20-67ECC1650379}.Debug|x86.ActiveCfg = Debug|Any CPU
		{E833F368-2096-4923-8A20-67ECC1650379}.Debug|x86.Build.0 = Debug|Any CPU
		{E833F368-2096-4923-8A20-67ECC1650379}.Release|Any CPU.ActiveCfg = Release|Any CPU
		{E833F368-2096-4923-8A20-67ECC1650379}.Release|Any CPU.Build.0 = Release|Any CPU
		{E833F368-2096-4923-8A20-67ECC1650379}.Release|x64.ActiveCfg = Release|Any CPU
		{E833F368-2096-4923-8A20-67ECC1650379}.Release|x64.Build.0 = Release|Any CPU
		{E833F368-2096-4923-8A20-67ECC1650379}.Release|x86.ActiveCfg = Release|Any CPU
		{E833F368-2096-4923-8A20-67ECC1650379}.Release|x86.Build.0 = Release|Any CPU
		{B8CBD4B0-E748-42AC-BC7D-FD920A89D888}.Debug|Any CPU.ActiveCfg = Debug|Any CPU
		{B8CBD4B0-E748-42AC-BC7D-FD920A89D888}.Debug|Any CPU.Build.0 = Debug|Any CPU
		{B8CBD4B0-E748-42AC-BC7D-FD920A89D888}.Debug|x64.ActiveCfg = Debug|Any CPU
		{B8CBD4B0-E748-42AC-BC7D-FD920A89D888}.Debug|x64.Build.0 = Debug|Any CPU
		{B8CBD4B0-E748-42AC-BC7D-FD920A89D888}.Debug|x86.ActiveCfg = Debug|Any CPU
		{B8CBD4B0-E748-42AC-BC7D-FD920A89D888}.Debug|x86.Build.0 = Debug|Any CPU
		{B8CBD4B0-E748-42AC-BC7D-FD920A89D888}.Release|Any CPU.ActiveCfg = Release|Any CPU
		{B8CBD4B0-E748-42AC-BC7D-FD920A89D888}.Release|Any CPU.Build.0 = Release|Any CPU
		{B8CBD4B0-E748-42AC-BC7D-FD920A89D888}.Release|x64.ActiveCfg = Release|Any CPU
		{B8CBD4B0-E748-42AC-BC7D-FD920A89D888}.Release|x64.Build.0 = Release|Any CPU
		{B8CBD4B0-E748-42AC-BC7D-FD920A89D888}.Release|x86.ActiveCfg = Release|Any CPU
		{B8CBD4B0-E748-42AC-BC7D-FD920A89D888}.Release|x86.Build.0 = Release|Any CPU
		{CF2AFDC9-6C91-42E7-A265-F7D330AEF8BB}.Debug|Any CPU.ActiveCfg = Debug|Any CPU
		{CF2AFDC9-6C91-42E7-A265-F7D330AEF8BB}.Debug|Any CPU.Build.0 = Debug|Any CPU
		{CF2AFDC9-6C91-42E7-A265-F7D330AEF8BB}.Debug|x64.ActiveCfg = Debug|Any CPU
		{CF2AFDC9-6C91-42E7-A265-F7D330AEF8BB}.Debug|x64.Build.0 = Debug|Any CPU
		{CF2AFDC9-6C91-42E7-A265-F7D330AEF8BB}.Debug|x86.ActiveCfg = Debug|Any CPU
		{CF2AFDC9-6C91-42E7-A265-F7D330AEF8BB}.Debug|x86.Build.0 = Debug|Any CPU
		{CF2AFDC9-6C91-42E7-A265-F7D330AEF8BB}.Release|Any CPU.ActiveCfg = Release|Any CPU
		{CF2AFDC9-6C91-42E7-A265-F7D330AEF8BB}.Release|Any CPU.Build.0 = Release|Any CPU
		{CF2AFDC9-6C91-42E7-A265-F7D330AEF8BB}.Release|x64.ActiveCfg = Release|Any CPU
		{CF2AFDC9-6C91-42E7-A265-F7D330AEF8BB}.Release|x64.Build.0 = Release|Any CPU
		{CF2AFDC9-6C91-42E7-A265-F7D330AEF8BB}.Release|x86.ActiveCfg = Release|Any CPU
		{CF2AFDC9-6C91-42E7-A265-F7D330AEF8BB}.Release|x86.Build.0 = Release|Any CPU
		{31856C1F-5578-414B-AA57-911DBBD7CBC8}.Debug|Any CPU.ActiveCfg = Debug|Any CPU
		{31856C1F-5578-414B-AA57-911DBBD7CBC8}.Debug|Any CPU.Build.0 = Debug|Any CPU
		{31856C1F-5578-414B-AA57-911DBBD7CBC8}.Debug|x64.ActiveCfg = Debug|Any CPU
		{31856C1F-5578-414B-AA57-911DBBD7CBC8}.Debug|x64.Build.0 = Debug|Any CPU
		{31856C1F-5578-414B-AA57-911DBBD7CBC8}.Debug|x86.ActiveCfg = Debug|Any CPU
		{31856C1F-5578-414B-AA57-911DBBD7CBC8}.Debug|x86.Build.0 = Debug|Any CPU
		{31856C1F-5578-414B-AA57-911DBBD7CBC8}.Release|Any CPU.ActiveCfg = Release|Any CPU
		{31856C1F-5578-414B-AA57-911DBBD7CBC8}.Release|Any CPU.Build.0 = Release|Any CPU
		{31856C1F-5578-414B-AA57-911DBBD7CBC8}.Release|x64.ActiveCfg = Release|Any CPU
		{31856C1F-5578-414B-AA57-911DBBD7CBC8}.Release|x64.Build.0 = Release|Any CPU
		{31856C1F-5578-414B-AA57-911DBBD7CBC8}.Release|x86.ActiveCfg = Release|Any CPU
		{31856C1F-5578-414B-AA57-911DBBD7CBC8}.Release|x86.Build.0 = Release|Any CPU
		{5B0A33EC-F064-4CD4-B049-EA1F866A895F}.Debug|Any CPU.ActiveCfg = Debug|Any CPU
		{5B0A33EC-F064-4CD4-B049-EA1F866A895F}.Debug|Any CPU.Build.0 = Debug|Any CPU
		{5B0A33EC-F064-4CD4-B049-EA1F866A895F}.Debug|x64.ActiveCfg = Debug|Any CPU
		{5B0A33EC-F064-4CD4-B049-EA1F866A895F}.Debug|x64.Build.0 = Debug|Any CPU
		{5B0A33EC-F064-4CD4-B049-EA1F866A895F}.Debug|x86.ActiveCfg = Debug|Any CPU
		{5B0A33EC-F064-4CD4-B049-EA1F866A895F}.Debug|x86.Build.0 = Debug|Any CPU
		{5B0A33EC-F064-4CD4-B049-EA1F866A895F}.Release|Any CPU.ActiveCfg = Release|Any CPU
		{5B0A33EC-F064-4CD4-B049-EA1F866A895F}.Release|Any CPU.Build.0 = Release|Any CPU
		{5B0A33EC-F064-4CD4-B049-EA1F866A895F}.Release|x64.ActiveCfg = Release|Any CPU
		{5B0A33EC-F064-4CD4-B049-EA1F866A895F}.Release|x64.Build.0 = Release|Any CPU
		{5B0A33EC-F064-4CD4-B049-EA1F866A895F}.Release|x86.ActiveCfg = Release|Any CPU
		{5B0A33EC-F064-4CD4-B049-EA1F866A895F}.Release|x86.Build.0 = Release|Any CPU
		{68184202-7386-4A0F-B9C6-7521666E791F}.Debug|Any CPU.ActiveCfg = Debug|Any CPU
		{68184202-7386-4A0F-B9C6-7521666E791F}.Debug|Any CPU.Build.0 = Debug|Any CPU
		{68184202-7386-4A0F-B9C6-7521666E791F}.Debug|x64.ActiveCfg = Debug|Any CPU
		{68184202-7386-4A0F-B9C6-7521666E791F}.Debug|x64.Build.0 = Debug|Any CPU
		{68184202-7386-4A0F-B9C6-7521666E791F}.Debug|x86.ActiveCfg = Debug|Any CPU
		{68184202-7386-4A0F-B9C6-7521666E791F}.Debug|x86.Build.0 = Debug|Any CPU
		{68184202-7386-4A0F-B9C6-7521666E791F}.Release|Any CPU.ActiveCfg = Release|Any CPU
		{68184202-7386-4A0F-B9C6-7521666E791F}.Release|Any CPU.Build.0 = Release|Any CPU
		{68184202-7386-4A0F-B9C6-7521666E791F}.Release|x64.ActiveCfg = Release|Any CPU
		{68184202-7386-4A0F-B9C6-7521666E791F}.Release|x64.Build.0 = Release|Any CPU
		{68184202-7386-4A0F-B9C6-7521666E791F}.Release|x86.ActiveCfg = Release|Any CPU
		{68184202-7386-4A0F-B9C6-7521666E791F}.Release|x86.Build.0 = Release|Any CPU
		{B5A2FA0E-450E-468D-A3A4-A001730F3380}.Debug|Any CPU.ActiveCfg = Debug|Any CPU
		{B5A2FA0E-450E-468D-A3A4-A001730F3380}.Debug|Any CPU.Build.0 = Debug|Any CPU
		{B5A2FA0E-450E-468D-A3A4-A001730F3380}.Debug|x64.ActiveCfg = Debug|Any CPU
		{B5A2FA0E-450E-468D-A3A4-A001730F3380}.Debug|x64.Build.0 = Debug|Any CPU
		{B5A2FA0E-450E-468D-A3A4-A001730F3380}.Debug|x86.ActiveCfg = Debug|Any CPU
		{B5A2FA0E-450E-468D-A3A4-A001730F3380}.Debug|x86.Build.0 = Debug|Any CPU
		{B5A2FA0E-450E-468D-A3A4-A001730F3380}.Release|Any CPU.ActiveCfg = Release|Any CPU
		{B5A2FA0E-450E-468D-A3A4-A001730F3380}.Release|Any CPU.Build.0 = Release|Any CPU
		{B5A2FA0E-450E-468D-A3A4-A001730F3380}.Release|x64.ActiveCfg = Release|Any CPU
		{B5A2FA0E-450E-468D-A3A4-A001730F3380}.Release|x64.Build.0 = Release|Any CPU
		{B5A2FA0E-450E-468D-A3A4-A001730F3380}.Release|x86.ActiveCfg = Release|Any CPU
		{B5A2FA0E-450E-468D-A3A4-A001730F3380}.Release|x86.Build.0 = Release|Any CPU
		{5A1560E3-7E35-4B62-9AB6-9218211D22C5}.Debug|Any CPU.ActiveCfg = Debug|Any CPU
		{5A1560E3-7E35-4B62-9AB6-9218211D22C5}.Debug|Any CPU.Build.0 = Debug|Any CPU
		{5A1560E3-7E35-4B62-9AB6-9218211D22C5}.Debug|x64.ActiveCfg = Debug|Any CPU
		{5A1560E3-7E35-4B62-9AB6-9218211D22C5}.Debug|x64.Build.0 = Debug|Any CPU
		{5A1560E3-7E35-4B62-9AB6-9218211D22C5}.Debug|x86.ActiveCfg = Debug|Any CPU
		{5A1560E3-7E35-4B62-9AB6-9218211D22C5}.Debug|x86.Build.0 = Debug|Any CPU
		{5A1560E3-7E35-4B62-9AB6-9218211D22C5}.Release|Any CPU.ActiveCfg = Release|Any CPU
		{5A1560E3-7E35-4B62-9AB6-9218211D22C5}.Release|Any CPU.Build.0 = Release|Any CPU
		{5A1560E3-7E35-4B62-9AB6-9218211D22C5}.Release|x64.ActiveCfg = Release|Any CPU
		{5A1560E3-7E35-4B62-9AB6-9218211D22C5}.Release|x64.Build.0 = Release|Any CPU
		{5A1560E3-7E35-4B62-9AB6-9218211D22C5}.Release|x86.ActiveCfg = Release|Any CPU
		{5A1560E3-7E35-4B62-9AB6-9218211D22C5}.Release|x86.Build.0 = Release|Any CPU
		{F285F06D-4AE3-4D38-A8A8-FC79A20E9982}.Debug|Any CPU.ActiveCfg = Debug|Any CPU
		{F285F06D-4AE3-4D38-A8A8-FC79A20E9982}.Debug|Any CPU.Build.0 = Debug|Any CPU
		{F285F06D-4AE3-4D38-A8A8-FC79A20E9982}.Debug|x64.ActiveCfg = Debug|Any CPU
		{F285F06D-4AE3-4D38-A8A8-FC79A20E9982}.Debug|x64.Build.0 = Debug|Any CPU
		{F285F06D-4AE3-4D38-A8A8-FC79A20E9982}.Debug|x86.ActiveCfg = Debug|Any CPU
		{F285F06D-4AE3-4D38-A8A8-FC79A20E9982}.Debug|x86.Build.0 = Debug|Any CPU
		{F285F06D-4AE3-4D38-A8A8-FC79A20E9982}.Release|Any CPU.ActiveCfg = Release|Any CPU
		{F285F06D-4AE3-4D38-A8A8-FC79A20E9982}.Release|Any CPU.Build.0 = Release|Any CPU
		{F285F06D-4AE3-4D38-A8A8-FC79A20E9982}.Release|x64.ActiveCfg = Release|Any CPU
		{F285F06D-4AE3-4D38-A8A8-FC79A20E9982}.Release|x64.Build.0 = Release|Any CPU
		{F285F06D-4AE3-4D38-A8A8-FC79A20E9982}.Release|x86.ActiveCfg = Release|Any CPU
		{F285F06D-4AE3-4D38-A8A8-FC79A20E9982}.Release|x86.Build.0 = Release|Any CPU
		{C40A6C6A-FB8E-46FC-8A36-E9FD66F1F374}.Debug|Any CPU.ActiveCfg = Debug|Any CPU
		{C40A6C6A-FB8E-46FC-8A36-E9FD66F1F374}.Debug|Any CPU.Build.0 = Debug|Any CPU
		{C40A6C6A-FB8E-46FC-8A36-E9FD66F1F374}.Debug|x64.ActiveCfg = Debug|Any CPU
		{C40A6C6A-FB8E-46FC-8A36-E9FD66F1F374}.Debug|x64.Build.0 = Debug|Any CPU
		{C40A6C6A-FB8E-46FC-8A36-E9FD66F1F374}.Debug|x86.ActiveCfg = Debug|Any CPU
		{C40A6C6A-FB8E-46FC-8A36-E9FD66F1F374}.Debug|x86.Build.0 = Debug|Any CPU
		{C40A6C6A-FB8E-46FC-8A36-E9FD66F1F374}.Release|Any CPU.ActiveCfg = Release|Any CPU
		{C40A6C6A-FB8E-46FC-8A36-E9FD66F1F374}.Release|Any CPU.Build.0 = Release|Any CPU
		{C40A6C6A-FB8E-46FC-8A36-E9FD66F1F374}.Release|x64.ActiveCfg = Release|Any CPU
		{C40A6C6A-FB8E-46FC-8A36-E9FD66F1F374}.Release|x64.Build.0 = Release|Any CPU
		{C40A6C6A-FB8E-46FC-8A36-E9FD66F1F374}.Release|x86.ActiveCfg = Release|Any CPU
		{C40A6C6A-FB8E-46FC-8A36-E9FD66F1F374}.Release|x86.Build.0 = Release|Any CPU
		{D82E5A71-0DB2-4367-BD8E-C537B906B948}.Debug|Any CPU.ActiveCfg = Debug|Any CPU
		{D82E5A71-0DB2-4367-BD8E-C537B906B948}.Debug|Any CPU.Build.0 = Debug|Any CPU
		{D82E5A71-0DB2-4367-BD8E-C537B906B948}.Debug|x64.ActiveCfg = Debug|Any CPU
		{D82E5A71-0DB2-4367-BD8E-C537B906B948}.Debug|x64.Build.0 = Debug|Any CPU
		{D82E5A71-0DB2-4367-BD8E-C537B906B948}.Debug|x86.ActiveCfg = Debug|Any CPU
		{D82E5A71-0DB2-4367-BD8E-C537B906B948}.Debug|x86.Build.0 = Debug|Any CPU
		{D82E5A71-0DB2-4367-BD8E-C537B906B948}.Release|Any CPU.ActiveCfg = Release|Any CPU
		{D82E5A71-0DB2-4367-BD8E-C537B906B948}.Release|Any CPU.Build.0 = Release|Any CPU
		{D82E5A71-0DB2-4367-BD8E-C537B906B948}.Release|x64.ActiveCfg = Release|Any CPU
		{D82E5A71-0DB2-4367-BD8E-C537B906B948}.Release|x64.Build.0 = Release|Any CPU
		{D82E5A71-0DB2-4367-BD8E-C537B906B948}.Release|x86.ActiveCfg = Release|Any CPU
		{D82E5A71-0DB2-4367-BD8E-C537B906B948}.Release|x86.Build.0 = Release|Any CPU
		{0205632A-13A0-405C-8DEB-F5F75345388C}.Debug|Any CPU.ActiveCfg = Debug|Any CPU
		{0205632A-13A0-405C-8DEB-F5F75345388C}.Debug|Any CPU.Build.0 = Debug|Any CPU
		{0205632A-13A0-405C-8DEB-F5F75345388C}.Debug|x64.ActiveCfg = Debug|Any CPU
		{0205632A-13A0-405C-8DEB-F5F75345388C}.Debug|x64.Build.0 = Debug|Any CPU
		{0205632A-13A0-405C-8DEB-F5F75345388C}.Debug|x86.ActiveCfg = Debug|Any CPU
		{0205632A-13A0-405C-8DEB-F5F75345388C}.Debug|x86.Build.0 = Debug|Any CPU
		{0205632A-13A0-405C-8DEB-F5F75345388C}.Release|Any CPU.ActiveCfg = Release|Any CPU
		{0205632A-13A0-405C-8DEB-F5F75345388C}.Release|Any CPU.Build.0 = Release|Any CPU
		{0205632A-13A0-405C-8DEB-F5F75345388C}.Release|x64.ActiveCfg = Release|Any CPU
		{0205632A-13A0-405C-8DEB-F5F75345388C}.Release|x64.Build.0 = Release|Any CPU
		{0205632A-13A0-405C-8DEB-F5F75345388C}.Release|x86.ActiveCfg = Release|Any CPU
		{0205632A-13A0-405C-8DEB-F5F75345388C}.Release|x86.Build.0 = Release|Any CPU
		{7A1D9695-8A01-44DC-AB7E-F70733D86310}.Debug|Any CPU.ActiveCfg = Debug|Any CPU
		{7A1D9695-8A01-44DC-AB7E-F70733D86310}.Debug|Any CPU.Build.0 = Debug|Any CPU
		{7A1D9695-8A01-44DC-AB7E-F70733D86310}.Debug|x64.ActiveCfg = Debug|Any CPU
		{7A1D9695-8A01-44DC-AB7E-F70733D86310}.Debug|x64.Build.0 = Debug|Any CPU
		{7A1D9695-8A01-44DC-AB7E-F70733D86310}.Debug|x86.ActiveCfg = Debug|Any CPU
		{7A1D9695-8A01-44DC-AB7E-F70733D86310}.Debug|x86.Build.0 = Debug|Any CPU
		{7A1D9695-8A01-44DC-AB7E-F70733D86310}.Release|Any CPU.ActiveCfg = Release|Any CPU
		{7A1D9695-8A01-44DC-AB7E-F70733D86310}.Release|Any CPU.Build.0 = Release|Any CPU
		{7A1D9695-8A01-44DC-AB7E-F70733D86310}.Release|x64.ActiveCfg = Release|Any CPU
		{7A1D9695-8A01-44DC-AB7E-F70733D86310}.Release|x64.Build.0 = Release|Any CPU
		{7A1D9695-8A01-44DC-AB7E-F70733D86310}.Release|x86.ActiveCfg = Release|Any CPU
		{7A1D9695-8A01-44DC-AB7E-F70733D86310}.Release|x86.Build.0 = Release|Any CPU
		{4D4219C8-6B1A-4475-B8CE-A486B51BC95E}.Debug|Any CPU.ActiveCfg = Debug|Any CPU
		{4D4219C8-6B1A-4475-B8CE-A486B51BC95E}.Debug|Any CPU.Build.0 = Debug|Any CPU
		{4D4219C8-6B1A-4475-B8CE-A486B51BC95E}.Debug|x64.ActiveCfg = Debug|Any CPU
		{4D4219C8-6B1A-4475-B8CE-A486B51BC95E}.Debug|x64.Build.0 = Debug|Any CPU
		{4D4219C8-6B1A-4475-B8CE-A486B51BC95E}.Debug|x86.ActiveCfg = Debug|Any CPU
		{4D4219C8-6B1A-4475-B8CE-A486B51BC95E}.Debug|x86.Build.0 = Debug|Any CPU
		{4D4219C8-6B1A-4475-B8CE-A486B51BC95E}.Release|Any CPU.ActiveCfg = Release|Any CPU
		{4D4219C8-6B1A-4475-B8CE-A486B51BC95E}.Release|Any CPU.Build.0 = Release|Any CPU
		{4D4219C8-6B1A-4475-B8CE-A486B51BC95E}.Release|x64.ActiveCfg = Release|Any CPU
		{4D4219C8-6B1A-4475-B8CE-A486B51BC95E}.Release|x64.Build.0 = Release|Any CPU
		{4D4219C8-6B1A-4475-B8CE-A486B51BC95E}.Release|x86.ActiveCfg = Release|Any CPU
		{4D4219C8-6B1A-4475-B8CE-A486B51BC95E}.Release|x86.Build.0 = Release|Any CPU
	EndGlobalSection
	GlobalSection(SolutionProperties) = preSolution
		HideSolutionNode = FALSE
	EndGlobalSection
	GlobalSection(NestedProjects) = preSolution
		{C40A6C6A-FB8E-46FC-8A36-E9FD66F1F374} = {827E0CD3-B72D-47B6-A68D-7590B98EB39B}
		{D82E5A71-0DB2-4367-BD8E-C537B906B948} = {827E0CD3-B72D-47B6-A68D-7590B98EB39B}
		{0205632A-13A0-405C-8DEB-F5F75345388C} = {827E0CD3-B72D-47B6-A68D-7590B98EB39B}
		{7A1D9695-8A01-44DC-AB7E-F70733D86310} = {827E0CD3-B72D-47B6-A68D-7590B98EB39B}
		{4D4219C8-6B1A-4475-B8CE-A486B51BC95E} = {827E0CD3-B72D-47B6-A68D-7590B98EB39B}
	EndGlobalSection
EndGlobal
